
Microsoft Visual Studio Solution File, Format Version 12.00
# Visual Studio Version 16
VisualStudioVersion = 16.0.30011.22
MinimumVisualStudioVersion = 10.0.40219.1
Project("{FAE04EC0-301F-11D3-BF4B-00C04F79EFBC}") = "sample.API", "sample.API.csproj", "{EF196B05-37DC-4FEE-A144-F1D7E074A649}"
EndProject
Project("{FAE04EC0-301F-11D3-BF4B-00C04F79EFBC}") = "sample.Application", "..\sample.Application\sample.Application.csproj", "{C357AFDD-E9BA-44E4-B493-7FEBEEA09C2E}"
EndProject
Project("{FAE04EC0-301F-11D3-BF4B-00C04F79EFBC}") = "sample.Domain", "..\sample.Domain\sample.Domain.csproj", "{8BE55350-5A16-4D09-9DA9-582155CB45D2}"
EndProject
Project("{FAE04EC0-301F-11D3-BF4B-00C04F79EFBC}") = "sample.Infrastructure", "..\sample.Infrastructure\sample.Infrastructure.csproj", "{982C9857-D125-40AC-86DE-A5703EE3DD28}"
EndProject
Project("{FAE04EC0-301F-11D3-BF4B-00C04F79EFBC}") = "sample.UnitTests", "..\sample.UnitTests\sample.UnitTests.csproj", "{CE407729-B3D7-4406-84F1-7BB14C2991FD}"
EndProject
Global
	GlobalSection(SolutionConfigurationPlatforms) = preSolution
		Debug|Any CPU = Debug|Any CPU
		Release|Any CPU = Release|Any CPU
	EndGlobalSection
	GlobalSection(ProjectConfigurationPlatforms) = postSolution
		{EF196B05-37DC-4FEE-A144-F1D7E074A649}.Debug|Any CPU.ActiveCfg = Debug|Any CPU
		{EF196B05-37DC-4FEE-A144-F1D7E074A649}.Debug|Any CPU.Build.0 = Debug|Any CPU
		{EF196B05-37DC-4FEE-A144-F1D7E074A649}.Release|Any CPU.ActiveCfg = Release|Any CPU
		{EF196B05-37DC-4FEE-A144-F1D7E074A649}.Release|Any CPU.Build.0 = Release|Any CPU
		{C357AFDD-E9BA-44E4-B493-7FEBEEA09C2E}.Debug|Any CPU.ActiveCfg = Debug|Any CPU
		{C357AFDD-E9BA-44E4-B493-7FEBEEA09C2E}.Debug|Any CPU.Build.0 = Debug|Any CPU
		{C357AFDD-E9BA-44E4-B493-7FEBEEA09C2E}.Release|Any CPU.ActiveCfg = Release|Any CPU
		{C357AFDD-E9BA-44E4-B493-7FEBEEA09C2E}.Release|Any CPU.Build.0 = Release|Any CPU
		{8BE55350-5A16-4D09-9DA9-582155CB45D2}.Debug|Any CPU.ActiveCfg = Debug|Any CPU
		{8BE55350-5A16-4D09-9DA9-582155CB45D2}.Debug|Any CPU.Build.0 = Debug|Any CPU
		{8BE55350-5A16-4D09-9DA9-582155CB45D2}.Release|Any CPU.ActiveCfg = Release|Any CPU
		{8BE55350-5A16-4D09-9DA9-582155CB45D2}.Release|Any CPU.Build.0 = Release|Any CPU
		{982C9857-D125-40AC-86DE-A5703EE3DD28}.Debug|Any CPU.ActiveCfg = Debug|Any CPU
		{982C9857-D125-40AC-86DE-A5703EE3DD28}.Debug|Any CPU.Build.0 = Debug|Any CPU
		{982C9857-D125-40AC-86DE-A5703EE3DD28}.Release|Any CPU.ActiveCfg = Release|Any CPU
		{982C9857-D125-40AC-86DE-A5703EE3DD28}.Release|Any CPU.Build.0 = Release|Any CPU
		{CE407729-B3D7-4406-84F1-7BB14C2991FD}.Debug|Any CPU.ActiveCfg = Debug|Any CPU
		{CE407729-B3D7-4406-84F1-7BB14C2991FD}.Debug|Any CPU.Build.0 = Debug|Any CPU
		{CE407729-B3D7-4406-84F1-7BB14C2991FD}.Release|Any CPU.ActiveCfg = Release|Any CPU
		{CE407729-B3D7-4406-84F1-7BB14C2991FD}.Release|Any CPU.Build.0 = Release|Any CPU
	EndGlobalSection
	GlobalSection(SolutionProperties) = preSolution
		HideSolutionNode = FALSE
	EndGlobalSection
	GlobalSection(ExtensibilityGlobals) = postSolution
		SolutionGuid = {AFEA4954-ED17-4D06-8F44-4C1DF1676802}
	EndGlobalSection
EndGlobal
